
Microsoft Visual Studio Solution File, Format Version 12.00
# Visual Studio Version 17
VisualStudioVersion = 17.5.2.0
MinimumVisualStudioVersion = 10.0.40219.1
Project("{2150E333-8FDC-42A3-9474-1A3956D46DE8}") = "Users", "Users", "{A10C4C97-C1A1-C462-9A04-F253A6FEFC1E}"
EndProject
Project("{FAE04EC0-301F-11D3-BF4B-00C04F79EFBC}") = "Users.Application", "Users\Users.Application\Users.Application.csproj", "{14A34978-A3A0-4FB7-8292-CC6F13EEE02F}"
EndProject
Project("{FAE04EC0-301F-11D3-BF4B-00C04F79EFBC}") = "Users.Domain", "Users\Users.Domain\Users.Domain.csproj", "{3627D320-9D35-4840-894E-822BF88DC9DF}"
EndProject
Project("{FAE04EC0-301F-11D3-BF4B-00C04F79EFBC}") = "Users.Infrastructure", "Users\Users.Infrastructure\Users.Infrastructure.csproj", "{F1C58610-F035-462B-BC29-B24F6912978E}"
EndProject
Project("{FAE04EC0-301F-11D3-BF4B-00C04F79EFBC}") = "Users.Presentation", "Users\Users.Presentation\Users.Presentation.csproj", "{D0BBF9F0-93AF-4A8A-B0F6-8C230FF37263}"
EndProject
Project("{FAE04EC0-301F-11D3-BF4B-00C04F79EFBC}") = "Users.Tests", "Users\Users.Tests\Users.Tests.csproj", "{1CDCD57D-BFCC-436C-9C1B-ED4F919A5566}"
EndProject
Project("{FAE04EC0-301F-11D3-BF4B-00C04F79EFBC}") = "Users.IntegrationTests", "Users\Users.IntegrationTests\Users.IntegrationTests.csproj", "{A53C2245-0AF2-49C6-ADFC-8DB1E2182EE9}"
EndProject
Project("{2150E333-8FDC-42A3-9474-1A3956D46DE8}") = "Events", "Events", "{CDDCADCD-9350-8E22-D67F-1D4576D8025F}"
EndProject
Project("{FAE04EC0-301F-11D3-BF4B-00C04F79EFBC}") = "Events.Presentation", "Events\Events.Presentation\Events.Presentation.csproj", "{0EA1398E-5BC5-4AAC-B5BA-CF5A98B89179}"
EndProject
Project("{FAE04EC0-301F-11D3-BF4B-00C04F79EFBC}") = "Events.Infrastructure", "Events\Events.Infrastructure\Events.Infrastructure.csproj", "{BDE793CF-D9C2-4441-8333-E1FE5E922E30}"
EndProject
Project("{FAE04EC0-301F-11D3-BF4B-00C04F79EFBC}") = "Events.Domain", "Events\Events.Domain\Events.Domain.csproj", "{D99538A8-D895-4E40-BCDA-BC1C22D438ED}"
EndProject
Project("{FAE04EC0-301F-11D3-BF4B-00C04F79EFBC}") = "Events.Application", "Events\Events.Application\Events.Application.csproj", "{A18EB754-D878-460D-B39D-EA81D29D5D2B}"
EndProject
Project("{FAE04EC0-301F-11D3-BF4B-00C04F79EFBC}") = "Events.Tests", "Events\Events.Tests\Events.Tests.csproj", "{9F94D25B-2D6B-49C5-A628-8CA0C40D65BF}"
EndProject
Project("{FAE04EC0-301F-11D3-BF4B-00C04F79EFBC}") = "Events.IntegrationTests", "Events\Events.IntegrationTests\Events.IntegrationTests.csproj", "{B7F48BE2-CCEB-4DFF-A5F9-1C2BAC9F0179}"
EndProject
Project("{2150E333-8FDC-42A3-9474-1A3956D46DE8}") = "Bookings", "Bookings", "{FBFB7A2A-3CEA-EF03-3997-8A5B9EC805DE}"
EndProject
Project("{FAE04EC0-301F-11D3-BF4B-00C04F79EFBC}") = "Bookings.Application", "Bookings\Bookings.Application\Bookings.Application.csproj", "{DEFFD78D-E3EA-4F2E-935A-A2C50B1AFA20}"
EndProject
Project("{FAE04EC0-301F-11D3-BF4B-00C04F79EFBC}") = "Bookings.Domain", "Bookings\Bookings.Domain\Bookings.Domain.csproj", "{F3947AB8-4156-4DA9-BAD4-BDA98E2BCAD5}"
EndProject
Project("{FAE04EC0-301F-11D3-BF4B-00C04F79EFBC}") = "Bookings.Infrastructure", "Bookings\Bookings.Infrastructure\Bookings.Infrastructure.csproj", "{1F59809E-5ACD-4E30-B674-3E880884A6FF}"
EndProject
Project("{FAE04EC0-301F-11D3-BF4B-00C04F79EFBC}") = "Bookings.IntegrationTests", "Bookings\Bookings.IntegrationTests\Bookings.IntegrationTests.csproj", "{2EE986E2-4659-4634-805A-C89FCF5C1BF3}"
EndProject
Project("{FAE04EC0-301F-11D3-BF4B-00C04F79EFBC}") = "Bookings.Presentation", "Bookings\Bookings.Presentation\Bookings.Presentation.csproj", "{E0AE98F7-4454-4CB0-A2AE-10F13F443272}"
EndProject
Project("{FAE04EC0-301F-11D3-BF4B-00C04F79EFBC}") = "Bookings.Tests", "Bookings\Bookings.Tests\Bookings.Tests.csproj", "{96964E69-29AC-4B0F-B82A-A6D9F57CB006}"
EndProject
Project("{FAE04EC0-301F-11D3-BF4B-00C04F79EFBC}") = "Contracts", "Contracts\Contracts.csproj", "{67CCE507-09A4-4090-942E-B1B103DE8CBD}"
EndProject
Global
	GlobalSection(SolutionConfigurationPlatforms) = preSolution
		Debug|Any CPU = Debug|Any CPU
		Debug|x64 = Debug|x64
		Debug|x86 = Debug|x86
		Release|Any CPU = Release|Any CPU
		Release|x64 = Release|x64
		Release|x86 = Release|x86
	EndGlobalSection
	GlobalSection(ProjectConfigurationPlatforms) = postSolution
		{14A34978-A3A0-4FB7-8292-CC6F13EEE02F}.Debug|Any CPU.ActiveCfg = Debug|Any CPU
		{14A34978-A3A0-4FB7-8292-CC6F13EEE02F}.Debug|Any CPU.Build.0 = Debug|Any CPU
		{14A34978-A3A0-4FB7-8292-CC6F13EEE02F}.Debug|x64.ActiveCfg = Debug|Any CPU
		{14A34978-A3A0-4FB7-8292-CC6F13EEE02F}.Debug|x64.Build.0 = Debug|Any CPU
		{14A34978-A3A0-4FB7-8292-CC6F13EEE02F}.Debug|x86.ActiveCfg = Debug|Any CPU
		{14A34978-A3A0-4FB7-8292-CC6F13EEE02F}.Debug|x86.Build.0 = Debug|Any CPU
		{14A34978-A3A0-4FB7-8292-CC6F13EEE02F}.Release|Any CPU.ActiveCfg = Release|Any CPU
		{14A34978-A3A0-4FB7-8292-CC6F13EEE02F}.Release|Any CPU.Build.0 = Release|Any CPU
		{14A34978-A3A0-4FB7-8292-CC6F13EEE02F}.Release|x64.ActiveCfg = Release|Any CPU
		{14A34978-A3A0-4FB7-8292-CC6F13EEE02F}.Release|x64.Build.0 = Release|Any CPU
		{14A34978-A3A0-4FB7-8292-CC6F13EEE02F}.Release|x86.ActiveCfg = Release|Any CPU
		{14A34978-A3A0-4FB7-8292-CC6F13EEE02F}.Release|x86.Build.0 = Release|Any CPU
		{3627D320-9D35-4840-894E-822BF88DC9DF}.Debug|Any CPU.ActiveCfg = Debug|Any CPU
		{3627D320-9D35-4840-894E-822BF88DC9DF}.Debug|Any CPU.Build.0 = Debug|Any CPU
		{3627D320-9D35-4840-894E-822BF88DC9DF}.Debug|x64.ActiveCfg = Debug|Any CPU
		{3627D320-9D35-4840-894E-822BF88DC9DF}.Debug|x64.Build.0 = Debug|Any CPU
		{3627D320-9D35-4840-894E-822BF88DC9DF}.Debug|x86.ActiveCfg = Debug|Any CPU
		{3627D320-9D35-4840-894E-822BF88DC9DF}.Debug|x86.Build.0 = Debug|Any CPU
		{3627D320-9D35-4840-894E-822BF88DC9DF}.Release|Any CPU.ActiveCfg = Release|Any CPU
		{3627D320-9D35-4840-894E-822BF88DC9DF}.Release|Any CPU.Build.0 = Release|Any CPU
		{3627D320-9D35-4840-894E-822BF88DC9DF}.Release|x64.ActiveCfg = Release|Any CPU
		{3627D320-9D35-4840-894E-822BF88DC9DF}.Release|x64.Build.0 = Release|Any CPU
		{3627D320-9D35-4840-894E-822BF88DC9DF}.Release|x86.ActiveCfg = Release|Any CPU
		{3627D320-9D35-4840-894E-822BF88DC9DF}.Release|x86.Build.0 = Release|Any CPU
		{F1C58610-F035-462B-BC29-B24F6912978E}.Debug|Any CPU.ActiveCfg = Debug|Any CPU
		{F1C58610-F035-462B-BC29-B24F6912978E}.Debug|Any CPU.Build.0 = Debug|Any CPU
		{F1C58610-F035-462B-BC29-B24F6912978E}.Debug|x64.ActiveCfg = Debug|Any CPU
		{F1C58610-F035-462B-BC29-B24F6912978E}.Debug|x64.Build.0 = Debug|Any CPU
		{F1C58610-F035-462B-BC29-B24F6912978E}.Debug|x86.ActiveCfg = Debug|Any CPU
		{F1C58610-F035-462B-BC29-B24F6912978E}.Debug|x86.Build.0 = Debug|Any CPU
		{F1C58610-F035-462B-BC29-B24F6912978E}.Release|Any CPU.ActiveCfg = Release|Any CPU
		{F1C58610-F035-462B-BC29-B24F6912978E}.Release|Any CPU.Build.0 = Release|Any CPU
		{F1C58610-F035-462B-BC29-B24F6912978E}.Release|x64.ActiveCfg = Release|Any CPU
		{F1C58610-F035-462B-BC29-B24F6912978E}.Release|x64.Build.0 = Release|Any CPU
		{F1C58610-F035-462B-BC29-B24F6912978E}.Release|x86.ActiveCfg = Release|Any CPU
		{F1C58610-F035-462B-BC29-B24F6912978E}.Release|x86.Build.0 = Release|Any CPU
		{D0BBF9F0-93AF-4A8A-B0F6-8C230FF37263}.Debug|Any CPU.ActiveCfg = Debug|Any CPU
		{D0BBF9F0-93AF-4A8A-B0F6-8C230FF37263}.Debug|Any CPU.Build.0 = Debug|Any CPU
		{D0BBF9F0-93AF-4A8A-B0F6-8C230FF37263}.Debug|x64.ActiveCfg = Debug|Any CPU
		{D0BBF9F0-93AF-4A8A-B0F6-8C230FF37263}.Debug|x64.Build.0 = Debug|Any CPU
		{D0BBF9F0-93AF-4A8A-B0F6-8C230FF37263}.Debug|x86.ActiveCfg = Debug|Any CPU
		{D0BBF9F0-93AF-4A8A-B0F6-8C230FF37263}.Debug|x86.Build.0 = Debug|Any CPU
		{D0BBF9F0-93AF-4A8A-B0F6-8C230FF37263}.Release|Any CPU.ActiveCfg = Release|Any CPU
		{D0BBF9F0-93AF-4A8A-B0F6-8C230FF37263}.Release|Any CPU.Build.0 = Release|Any CPU
		{D0BBF9F0-93AF-4A8A-B0F6-8C230FF37263}.Release|x64.ActiveCfg = Release|Any CPU
		{D0BBF9F0-93AF-4A8A-B0F6-8C230FF37263}.Release|x64.Build.0 = Release|Any CPU
		{D0BBF9F0-93AF-4A8A-B0F6-8C230FF37263}.Release|x86.ActiveCfg = Release|Any CPU
		{D0BBF9F0-93AF-4A8A-B0F6-8C230FF37263}.Release|x86.Build.0 = Release|Any CPU
		{1CDCD57D-BFCC-436C-9C1B-ED4F919A5566}.Debug|Any CPU.ActiveCfg = Debug|Any CPU
		{1CDCD57D-BFCC-436C-9C1B-ED4F919A5566}.Debug|Any CPU.Build.0 = Debug|Any CPU
		{1CDCD57D-BFCC-436C-9C1B-ED4F919A5566}.Debug|x64.ActiveCfg = Debug|Any CPU
		{1CDCD57D-BFCC-436C-9C1B-ED4F919A5566}.Debug|x64.Build.0 = Debug|Any CPU
		{1CDCD57D-BFCC-436C-9C1B-ED4F919A5566}.Debug|x86.ActiveCfg = Debug|Any CPU
		{1CDCD57D-BFCC-436C-9C1B-ED4F919A5566}.Debug|x86.Build.0 = Debug|Any CPU
		{1CDCD57D-BFCC-436C-9C1B-ED4F919A5566}.Release|Any CPU.ActiveCfg = Release|Any CPU
		{1CDCD57D-BFCC-436C-9C1B-ED4F919A5566}.Release|Any CPU.Build.0 = Release|Any CPU
		{1CDCD57D-BFCC-436C-9C1B-ED4F919A5566}.Release|x64.ActiveCfg = Release|Any CPU
		{1CDCD57D-BFCC-436C-9C1B-ED4F919A5566}.Release|x64.Build.0 = Release|Any CPU
		{1CDCD57D-BFCC-436C-9C1B-ED4F919A5566}.Release|x86.ActiveCfg = Release|Any CPU
		{1CDCD57D-BFCC-436C-9C1B-ED4F919A5566}.Release|x86.Build.0 = Release|Any CPU
		{A53C2245-0AF2-49C6-ADFC-8DB1E2182EE9}.Debug|Any CPU.ActiveCfg = Debug|Any CPU
		{A53C2245-0AF2-49C6-ADFC-8DB1E2182EE9}.Debug|Any CPU.Build.0 = Debug|Any CPU
		{A53C2245-0AF2-49C6-ADFC-8DB1E2182EE9}.Debug|x64.ActiveCfg = Debug|Any CPU
		{A53C2245-0AF2-49C6-ADFC-8DB1E2182EE9}.Debug|x64.Build.0 = Debug|Any CPU
		{A53C2245-0AF2-49C6-ADFC-8DB1E2182EE9}.Debug|x86.ActiveCfg = Debug|Any CPU
		{A53C2245-0AF2-49C6-ADFC-8DB1E2182EE9}.Debug|x86.Build.0 = Debug|Any CPU
		{A53C2245-0AF2-49C6-ADFC-8DB1E2182EE9}.Release|Any CPU.ActiveCfg = Release|Any CPU
		{A53C2245-0AF2-49C6-ADFC-8DB1E2182EE9}.Release|Any CPU.Build.0 = Release|Any CPU
		{A53C2245-0AF2-49C6-ADFC-8DB1E2182EE9}.Release|x64.ActiveCfg = Release|Any CPU
		{A53C2245-0AF2-49C6-ADFC-8DB1E2182EE9}.Release|x64.Build.0 = Release|Any CPU
		{A53C2245-0AF2-49C6-ADFC-8DB1E2182EE9}.Release|x86.ActiveCfg = Release|Any CPU
		{A53C2245-0AF2-49C6-ADFC-8DB1E2182EE9}.Release|x86.Build.0 = Release|Any CPU
		{0EA1398E-5BC5-4AAC-B5BA-CF5A98B89179}.Debug|Any CPU.ActiveCfg = Debug|Any CPU
		{0EA1398E-5BC5-4AAC-B5BA-CF5A98B89179}.Debug|Any CPU.Build.0 = Debug|Any CPU
		{0EA1398E-5BC5-4AAC-B5BA-CF5A98B89179}.Debug|x64.ActiveCfg = Debug|Any CPU
		{0EA1398E-5BC5-4AAC-B5BA-CF5A98B89179}.Debug|x64.Build.0 = Debug|Any CPU
		{0EA1398E-5BC5-4AAC-B5BA-CF5A98B89179}.Debug|x86.ActiveCfg = Debug|Any CPU
		{0EA1398E-5BC5-4AAC-B5BA-CF5A98B89179}.Debug|x86.Build.0 = Debug|Any CPU
		{0EA1398E-5BC5-4AAC-B5BA-CF5A98B89179}.Release|Any CPU.ActiveCfg = Release|Any CPU
		{0EA1398E-5BC5-4AAC-B5BA-CF5A98B89179}.Release|Any CPU.Build.0 = Release|Any CPU
		{0EA1398E-5BC5-4AAC-B5BA-CF5A98B89179}.Release|x64.ActiveCfg = Release|Any CPU
		{0EA1398E-5BC5-4AAC-B5BA-CF5A98B89179}.Release|x64.Build.0 = Release|Any CPU
		{0EA1398E-5BC5-4AAC-B5BA-CF5A98B89179}.Release|x86.ActiveCfg = Release|Any CPU
		{0EA1398E-5BC5-4AAC-B5BA-CF5A98B89179}.Release|x86.Build.0 = Release|Any CPU
		{BDE793CF-D9C2-4441-8333-E1FE5E922E30}.Debug|Any CPU.ActiveCfg = Debug|Any CPU
		{BDE793CF-D9C2-4441-8333-E1FE5E922E30}.Debug|Any CPU.Build.0 = Debug|Any CPU
		{BDE793CF-D9C2-4441-8333-E1FE5E922E30}.Debug|x64.ActiveCfg = Debug|Any CPU
		{BDE793CF-D9C2-4441-8333-E1FE5E922E30}.Debug|x64.Build.0 = Debug|Any CPU
		{BDE793CF-D9C2-4441-8333-E1FE5E922E30}.Debug|x86.ActiveCfg = Debug|Any CPU
		{BDE793CF-D9C2-4441-8333-E1FE5E922E30}.Debug|x86.Build.0 = Debug|Any CPU
		{BDE793CF-D9C2-4441-8333-E1FE5E922E30}.Release|Any CPU.ActiveCfg = Release|Any CPU
		{BDE793CF-D9C2-4441-8333-E1FE5E922E30}.Release|Any CPU.Build.0 = Release|Any CPU
		{BDE793CF-D9C2-4441-8333-E1FE5E922E30}.Release|x64.ActiveCfg = Release|Any CPU
		{BDE793CF-D9C2-4441-8333-E1FE5E922E30}.Release|x64.Build.0 = Release|Any CPU
		{BDE793CF-D9C2-4441-8333-E1FE5E922E30}.Release|x86.ActiveCfg = Release|Any CPU
		{BDE793CF-D9C2-4441-8333-E1FE5E922E30}.Release|x86.Build.0 = Release|Any CPU
		{D99538A8-D895-4E40-BCDA-BC1C22D438ED}.Debug|Any CPU.ActiveCfg = Debug|Any CPU
		{D99538A8-D895-4E40-BCDA-BC1C22D438ED}.Debug|Any CPU.Build.0 = Debug|Any CPU
		{D99538A8-D895-4E40-BCDA-BC1C22D438ED}.Debug|x64.ActiveCfg = Debug|Any CPU
		{D99538A8-D895-4E40-BCDA-BC1C22D438ED}.Debug|x64.Build.0 = Debug|Any CPU
		{D99538A8-D895-4E40-BCDA-BC1C22D438ED}.Debug|x86.ActiveCfg = Debug|Any CPU
		{D99538A8-D895-4E40-BCDA-BC1C22D438ED}.Debug|x86.Build.0 = Debug|Any CPU
		{D99538A8-D895-4E40-BCDA-BC1C22D438ED}.Release|Any CPU.ActiveCfg = Release|Any CPU
		{D99538A8-D895-4E40-BCDA-BC1C22D438ED}.Release|Any CPU.Build.0 = Release|Any CPU
		{D99538A8-D895-4E40-BCDA-BC1C22D438ED}.Release|x64.ActiveCfg = Release|Any CPU
		{D99538A8-D895-4E40-BCDA-BC1C22D438ED}.Release|x64.Build.0 = Release|Any CPU
		{D99538A8-D895-4E40-BCDA-BC1C22D438ED}.Release|x86.ActiveCfg = Release|Any CPU
		{D99538A8-D895-4E40-BCDA-BC1C22D438ED}.Release|x86.Build.0 = Release|Any CPU
		{A18EB754-D878-460D-B39D-EA81D29D5D2B}.Debug|Any CPU.ActiveCfg = Debug|Any CPU
		{A18EB754-D878-460D-B39D-EA81D29D5D2B}.Debug|Any CPU.Build.0 = Debug|Any CPU
		{A18EB754-D878-460D-B39D-EA81D29D5D2B}.Debug|x64.ActiveCfg = Debug|Any CPU
		{A18EB754-D878-460D-B39D-EA81D29D5D2B}.Debug|x64.Build.0 = Debug|Any CPU
		{A18EB754-D878-460D-B39D-EA81D29D5D2B}.Debug|x86.ActiveCfg = Debug|Any CPU
		{A18EB754-D878-460D-B39D-EA81D29D5D2B}.Debug|x86.Build.0 = Debug|Any CPU
		{A18EB754-D878-460D-B39D-EA81D29D5D2B}.Release|Any CPU.ActiveCfg = Release|Any CPU
		{A18EB754-D878-460D-B39D-EA81D29D5D2B}.Release|Any CPU.Build.0 = Release|Any CPU
		{A18EB754-D878-460D-B39D-EA81D29D5D2B}.Release|x64.ActiveCfg = Release|Any CPU
		{A18EB754-D878-460D-B39D-EA81D29D5D2B}.Release|x64.Build.0 = Release|Any CPU
		{A18EB754-D878-460D-B39D-EA81D29D5D2B}.Release|x86.ActiveCfg = Release|Any CPU
		{A18EB754-D878-460D-B39D-EA81D29D5D2B}.Release|x86.Build.0 = Release|Any CPU
		{9F94D25B-2D6B-49C5-A628-8CA0C40D65BF}.Debug|Any CPU.ActiveCfg = Debug|Any CPU
		{9F94D25B-2D6B-49C5-A628-8CA0C40D65BF}.Debug|Any CPU.Build.0 = Debug|Any CPU
		{9F94D25B-2D6B-49C5-A628-8CA0C40D65BF}.Debug|x64.ActiveCfg = Debug|Any CPU
		{9F94D25B-2D6B-49C5-A628-8CA0C40D65BF}.Debug|x64.Build.0 = Debug|Any CPU
		{9F94D25B-2D6B-49C5-A628-8CA0C40D65BF}.Debug|x86.ActiveCfg = Debug|Any CPU
		{9F94D25B-2D6B-49C5-A628-8CA0C40D65BF}.Debug|x86.Build.0 = Debug|Any CPU
		{9F94D25B-2D6B-49C5-A628-8CA0C40D65BF}.Release|Any CPU.ActiveCfg = Release|Any CPU
		{9F94D25B-2D6B-49C5-A628-8CA0C40D65BF}.Release|Any CPU.Build.0 = Release|Any CPU
		{9F94D25B-2D6B-49C5-A628-8CA0C40D65BF}.Release|x64.ActiveCfg = Release|Any CPU
		{9F94D25B-2D6B-49C5-A628-8CA0C40D65BF}.Release|x64.Build.0 = Release|Any CPU
		{9F94D25B-2D6B-49C5-A628-8CA0C40D65BF}.Release|x86.ActiveCfg = Release|Any CPU
		{9F94D25B-2D6B-49C5-A628-8CA0C40D65BF}.Release|x86.Build.0 = Release|Any CPU
		{B7F48BE2-CCEB-4DFF-A5F9-1C2BAC9F0179}.Debug|Any CPU.ActiveCfg = Debug|Any CPU
		{B7F48BE2-CCEB-4DFF-A5F9-1C2BAC9F0179}.Debug|Any CPU.Build.0 = Debug|Any CPU
		{B7F48BE2-CCEB-4DFF-A5F9-1C2BAC9F0179}.Debug|x64.ActiveCfg = Debug|Any CPU
		{B7F48BE2-CCEB-4DFF-A5F9-1C2BAC9F0179}.Debug|x64.Build.0 = Debug|Any CPU
		{B7F48BE2-CCEB-4DFF-A5F9-1C2BAC9F0179}.Debug|x86.ActiveCfg = Debug|Any CPU
		{B7F48BE2-CCEB-4DFF-A5F9-1C2BAC9F0179}.Debug|x86.Build.0 = Debug|Any CPU
		{B7F48BE2-CCEB-4DFF-A5F9-1C2BAC9F0179}.Release|Any CPU.ActiveCfg = Release|Any CPU
		{B7F48BE2-CCEB-4DFF-A5F9-1C2BAC9F0179}.Release|Any CPU.Build.0 = Release|Any CPU
		{B7F48BE2-CCEB-4DFF-A5F9-1C2BAC9F0179}.Release|x64.ActiveCfg = Release|Any CPU
		{B7F48BE2-CCEB-4DFF-A5F9-1C2BAC9F0179}.Release|x64.Build.0 = Release|Any CPU
		{B7F48BE2-CCEB-4DFF-A5F9-1C2BAC9F0179}.Release|x86.ActiveCfg = Release|Any CPU
		{B7F48BE2-CCEB-4DFF-A5F9-1C2BAC9F0179}.Release|x86.Build.0 = Release|Any CPU
		{DEFFD78D-E3EA-4F2E-935A-A2C50B1AFA20}.Debug|Any CPU.ActiveCfg = Debug|Any CPU
		{DEFFD78D-E3EA-4F2E-935A-A2C50B1AFA20}.Debug|Any CPU.Build.0 = Debug|Any CPU
		{DEFFD78D-E3EA-4F2E-935A-A2C50B1AFA20}.Debug|x64.ActiveCfg = Debug|Any CPU
		{DEFFD78D-E3EA-4F2E-935A-A2C50B1AFA20}.Debug|x64.Build.0 = Debug|Any CPU
		{DEFFD78D-E3EA-4F2E-935A-A2C50B1AFA20}.Debug|x86.ActiveCfg = Debug|Any CPU
		{DEFFD78D-E3EA-4F2E-935A-A2C50B1AFA20}.Debug|x86.Build.0 = Debug|Any CPU
		{DEFFD78D-E3EA-4F2E-935A-A2C50B1AFA20}.Release|Any CPU.ActiveCfg = Release|Any CPU
		{DEFFD78D-E3EA-4F2E-935A-A2C50B1AFA20}.Release|Any CPU.Build.0 = Release|Any CPU
		{DEFFD78D-E3EA-4F2E-935A-A2C50B1AFA20}.Release|x64.ActiveCfg = Release|Any CPU
		{DEFFD78D-E3EA-4F2E-935A-A2C50B1AFA20}.Release|x64.Build.0 = Release|Any CPU
		{DEFFD78D-E3EA-4F2E-935A-A2C50B1AFA20}.Release|x86.ActiveCfg = Release|Any CPU
		{DEFFD78D-E3EA-4F2E-935A-A2C50B1AFA20}.Release|x86.Build.0 = Release|Any CPU
		{F3947AB8-4156-4DA9-BAD4-BDA98E2BCAD5}.Debug|Any CPU.ActiveCfg = Debug|Any CPU
		{F3947AB8-4156-4DA9-BAD4-BDA98E2BCAD5}.Debug|Any CPU.Build.0 = Debug|Any CPU
		{F3947AB8-4156-4DA9-BAD4-BDA98E2BCAD5}.Debug|x64.ActiveCfg = Debug|Any CPU
		{F3947AB8-4156-4DA9-BAD4-BDA98E2BCAD5}.Debug|x64.Build.0 = Debug|Any CPU
		{F3947AB8-4156-4DA9-BAD4-BDA98E2BCAD5}.Debug|x86.ActiveCfg = Debug|Any CPU
		{F3947AB8-4156-4DA9-BAD4-BDA98E2BCAD5}.Debug|x86.Build.0 = Debug|Any CPU
		{F3947AB8-4156-4DA9-BAD4-BDA98E2BCAD5}.Release|Any CPU.ActiveCfg = Release|Any CPU
		{F3947AB8-4156-4DA9-BAD4-BDA98E2BCAD5}.Release|Any CPU.Build.0 = Release|Any CPU
		{F3947AB8-4156-4DA9-BAD4-BDA98E2BCAD5}.Release|x64.ActiveCfg = Release|Any CPU
		{F3947AB8-4156-4DA9-BAD4-BDA98E2BCAD5}.Release|x64.Build.0 = Release|Any CPU
		{F3947AB8-4156-4DA9-BAD4-BDA98E2BCAD5}.Release|x86.ActiveCfg = Release|Any CPU
		{F3947AB8-4156-4DA9-BAD4-BDA98E2BCAD5}.Release|x86.Build.0 = Release|Any CPU
		{1F59809E-5ACD-4E30-B674-3E880884A6FF}.Debug|Any CPU.ActiveCfg = Debug|Any CPU
		{1F59809E-5ACD-4E30-B674-3E880884A6FF}.Debug|Any CPU.Build.0 = Debug|Any CPU
		{1F59809E-5ACD-4E30-B674-3E880884A6FF}.Debug|x64.ActiveCfg = Debug|Any CPU
		{1F59809E-5ACD-4E30-B674-3E880884A6FF}.Debug|x64.Build.0 = Debug|Any CPU
		{1F59809E-5ACD-4E30-B674-3E880884A6FF}.Debug|x86.ActiveCfg = Debug|Any CPU
		{1F59809E-5ACD-4E30-B674-3E880884A6FF}.Debug|x86.Build.0 = Debug|Any CPU
		{1F59809E-5ACD-4E30-B674-3E880884A6FF}.Release|Any CPU.ActiveCfg = Release|Any CPU
		{1F59809E-5ACD-4E30-B674-3E880884A6FF}.Release|Any CPU.Build.0 = Release|Any CPU
		{1F59809E-5ACD-4E30-B674-3E880884A6FF}.Release|x64.ActiveCfg = Release|Any CPU
		{1F59809E-5ACD-4E30-B674-3E880884A6FF}.Release|x64.Build.0 = Release|Any CPU
		{1F59809E-5ACD-4E30-B674-3E880884A6FF}.Release|x86.ActiveCfg = Release|Any CPU
		{1F59809E-5ACD-4E30-B674-3E880884A6FF}.Release|x86.Build.0 = Release|Any CPU
		{2EE986E2-4659-4634-805A-C89FCF5C1BF3}.Debug|Any CPU.ActiveCfg = Debug|Any CPU
		{2EE986E2-4659-4634-805A-C89FCF5C1BF3}.Debug|Any CPU.Build.0 = Debug|Any CPU
		{2EE986E2-4659-4634-805A-C89FCF5C1BF3}.Debug|x64.ActiveCfg = Debug|Any CPU
		{2EE986E2-4659-4634-805A-C89FCF5C1BF3}.Debug|x64.Build.0 = Debug|Any CPU
		{2EE986E2-4659-4634-805A-C89FCF5C1BF3}.Debug|x86.ActiveCfg = Debug|Any CPU
		{2EE986E2-4659-4634-805A-C89FCF5C1BF3}.Debug|x86.Build.0 = Debug|Any CPU
		{2EE986E2-4659-4634-805A-C89FCF5C1BF3}.Release|Any CPU.ActiveCfg = Release|Any CPU
		{2EE986E2-4659-4634-805A-C89FCF5C1BF3}.Release|Any CPU.Build.0 = Release|Any CPU
		{2EE986E2-4659-4634-805A-C89FCF5C1BF3}.Release|x64.ActiveCfg = Release|Any CPU
		{2EE986E2-4659-4634-805A-C89FCF5C1BF3}.Release|x64.Build.0 = Release|Any CPU
		{2EE986E2-4659-4634-805A-C89FCF5C1BF3}.Release|x86.ActiveCfg = Release|Any CPU
		{2EE986E2-4659-4634-805A-C89FCF5C1BF3}.Release|x86.Build.0 = Release|Any CPU
		{E0AE98F7-4454-4CB0-A2AE-10F13F443272}.Debug|Any CPU.ActiveCfg = Debug|Any CPU
		{E0AE98F7-4454-4CB0-A2AE-10F13F443272}.Debug|Any CPU.Build.0 = Debug|Any CPU
		{E0AE98F7-4454-4CB0-A2AE-10F13F443272}.Debug|x64.ActiveCfg = Debug|Any CPU
		{E0AE98F7-4454-4CB0-A2AE-10F13F443272}.Debug|x64.Build.0 = Debug|Any CPU
		{E0AE98F7-4454-4CB0-A2AE-10F13F443272}.Debug|x86.ActiveCfg = Debug|Any CPU
		{E0AE98F7-4454-4CB0-A2AE-10F13F443272}.Debug|x86.Build.0 = Debug|Any CPU
		{E0AE98F7-4454-4CB0-A2AE-10F13F443272}.Release|Any CPU.ActiveCfg = Release|Any CPU
		{E0AE98F7-4454-4CB0-A2AE-10F13F443272}.Release|Any CPU.Build.0 = Release|Any CPU
		{E0AE98F7-4454-4CB0-A2AE-10F13F443272}.Release|x64.ActiveCfg = Release|Any CPU
		{E0AE98F7-4454-4CB0-A2AE-10F13F443272}.Release|x64.Build.0 = Release|Any CPU
		{E0AE98F7-4454-4CB0-A2AE-10F13F443272}.Release|x86.ActiveCfg = Release|Any CPU
		{E0AE98F7-4454-4CB0-A2AE-10F13F443272}.Release|x86.Build.0 = Release|Any CPU
		{96964E69-29AC-4B0F-B82A-A6D9F57CB006}.Debug|Any CPU.ActiveCfg = Debug|Any CPU
		{96964E69-29AC-4B0F-B82A-A6D9F57CB006}.Debug|Any CPU.Build.0 = Debug|Any CPU
		{96964E69-29AC-4B0F-B82A-A6D9F57CB006}.Debug|x64.ActiveCfg = Debug|Any CPU
		{96964E69-29AC-4B0F-B82A-A6D9F57CB006}.Debug|x64.Build.0 = Debug|Any CPU
		{96964E69-29AC-4B0F-B82A-A6D9F57CB006}.Debug|x86.ActiveCfg = Debug|Any CPU
		{96964E69-29AC-4B0F-B82A-A6D9F57CB006}.Debug|x86.Build.0 = Debug|Any CPU
		{96964E69-29AC-4B0F-B82A-A6D9F57CB006}.Release|Any CPU.ActiveCfg = Release|Any CPU
		{96964E69-29AC-4B0F-B82A-A6D9F57CB006}.Release|Any CPU.Build.0 = Release|Any CPU
		{96964E69-29AC-4B0F-B82A-A6D9F57CB006}.Release|x64.ActiveCfg = Release|Any CPU
		{96964E69-29AC-4B0F-B82A-A6D9F57CB006}.Release|x64.Build.0 = Release|Any CPU
		{96964E69-29AC-4B0F-B82A-A6D9F57CB006}.Release|x86.ActiveCfg = Release|Any CPU
		{96964E69-29AC-4B0F-B82A-A6D9F57CB006}.Release|x86.Build.0 = Release|Any CPU
		{67CCE507-09A4-4090-942E-B1B103DE8CBD}.Debug|Any CPU.ActiveCfg = Debug|Any CPU
		{67CCE507-09A4-4090-942E-B1B103DE8CBD}.Debug|Any CPU.Build.0 = Debug|Any CPU
		{67CCE507-09A4-4090-942E-B1B103DE8CBD}.Debug|x64.ActiveCfg = Debug|Any CPU
		{67CCE507-09A4-4090-942E-B1B103DE8CBD}.Debug|x64.Build.0 = Debug|Any CPU
		{67CCE507-09A4-4090-942E-B1B103DE8CBD}.Debug|x86.ActiveCfg = Debug|Any CPU
		{67CCE507-09A4-4090-942E-B1B103DE8CBD}.Debug|x86.Build.0 = Debug|Any CPU
		{67CCE507-09A4-4090-942E-B1B103DE8CBD}.Release|Any CPU.ActiveCfg = Release|Any CPU
		{67CCE507-09A4-4090-942E-B1B103DE8CBD}.Release|Any CPU.Build.0 = Release|Any CPU
		{67CCE507-09A4-4090-942E-B1B103DE8CBD}.Release|x64.ActiveCfg = Release|Any CPU
		{67CCE507-09A4-4090-942E-B1B103DE8CBD}.Release|x64.Build.0 = Release|Any CPU
		{67CCE507-09A4-4090-942E-B1B103DE8CBD}.Release|x86.ActiveCfg = Release|Any CPU
		{67CCE507-09A4-4090-942E-B1B103DE8CBD}.Release|x86.Build.0 = Release|Any CPU
	EndGlobalSection
	GlobalSection(SolutionProperties) = preSolution
		HideSolutionNode = FALSE
	EndGlobalSection
	GlobalSection(NestedProjects) = preSolution
		{14A34978-A3A0-4FB7-8292-CC6F13EEE02F} = {A10C4C97-C1A1-C462-9A04-F253A6FEFC1E}
		{3627D320-9D35-4840-894E-822BF88DC9DF} = {A10C4C97-C1A1-C462-9A04-F253A6FEFC1E}
		{F1C58610-F035-462B-BC29-B24F6912978E} = {A10C4C97-C1A1-C462-9A04-F253A6FEFC1E}
		{D0BBF9F0-93AF-4A8A-B0F6-8C230FF37263} = {A10C4C97-C1A1-C462-9A04-F253A6FEFC1E}
		{1CDCD57D-BFCC-436C-9C1B-ED4F919A5566} = {A10C4C97-C1A1-C462-9A04-F253A6FEFC1E}
		{A53C2245-0AF2-49C6-ADFC-8DB1E2182EE9} = {A10C4C97-C1A1-C462-9A04-F253A6FEFC1E}
		{0EA1398E-5BC5-4AAC-B5BA-CF5A98B89179} = {CDDCADCD-9350-8E22-D67F-1D4576D8025F}
		{BDE793CF-D9C2-4441-8333-E1FE5E922E30} = {CDDCADCD-9350-8E22-D67F-1D4576D8025F}
		{D99538A8-D895-4E40-BCDA-BC1C22D438ED} = {CDDCADCD-9350-8E22-D67F-1D4576D8025F}
		{A18EB754-D878-460D-B39D-EA81D29D5D2B} = {CDDCADCD-9350-8E22-D67F-1D4576D8025F}
		{9F94D25B-2D6B-49C5-A628-8CA0C40D65BF} = {CDDCADCD-9350-8E22-D67F-1D4576D8025F}
		{B7F48BE2-CCEB-4DFF-A5F9-1C2BAC9F0179} = {CDDCADCD-9350-8E22-D67F-1D4576D8025F}
		{DEFFD78D-E3EA-4F2E-935A-A2C50B1AFA20} = {FBFB7A2A-3CEA-EF03-3997-8A5B9EC805DE}
		{F3947AB8-4156-4DA9-BAD4-BDA98E2BCAD5} = {FBFB7A2A-3CEA-EF03-3997-8A5B9EC805DE}
		{1F59809E-5ACD-4E30-B674-3E880884A6FF} = {FBFB7A2A-3CEA-EF03-3997-8A5B9EC805DE}
		{2EE986E2-4659-4634-805A-C89FCF5C1BF3} = {FBFB7A2A-3CEA-EF03-3997-8A5B9EC805DE}
		{E0AE98F7-4454-4CB0-A2AE-10F13F443272} = {FBFB7A2A-3CEA-EF03-3997-8A5B9EC805DE}
		{96964E69-29AC-4B0F-B82A-A6D9F57CB006} = {FBFB7A2A-3CEA-EF03-3997-8A5B9EC805DE}
	EndGlobalSection
	GlobalSection(ExtensibilityGlobals) = postSolution
		SolutionGuid = {E67BCC19-8A2E-41B8-BDFA-86AF1AA03477}
	EndGlobalSection
EndGlobal
