Microsoft Visual Studio Solution File, Format Version 12.00
# Visual Studio Version 17
VisualStudioVersion = 17.5.2.0
MinimumVisualStudioVersion = 10.0.40219.1
Project("{FAE04EC0-301F-11D3-BF4B-00C04F79EFBC}") = "EducationWebApi", "EducationWebApi\EducationWebApi.csproj", "{A61148F9-3897-F9D4-6CDD-EBAF8E8D4568}"
EndProject
Global
	GlobalSection(SolutionConfigurationPlatforms) = preSolution
		Debug|Any CPU = Debug|Any CPU
		Release|Any CPU = Release|Any CPU
	EndGlobalSection
	GlobalSection(ProjectConfigurationPlatforms) = postSolution
		{A61148F9-3897-F9D4-6CDD-EBAF8E8D4568}.Debug|Any CPU.ActiveCfg = Debug|Any CPU
		{A61148F9-3897-F9D4-6CDD-EBAF8E8D4568}.Debug|Any CPU.Build.0 = Debug|Any CPU
		{A61148F9-3897-F9D4-6CDD-EBAF8E8D4568}.Release|Any CPU.ActiveCfg = Release|Any CPU
		{A61148F9-3897-F9D4-6CDD-EBAF8E8D4568}.Release|Any CPU.Build.0 = Release|Any CPU
	EndGlobalSection
	GlobalSection(SolutionProperties) = preSolution
		HideSolutionNode = FALSE
	EndGlobalSection
	GlobalSection(ExtensibilityGlobals) = postSolution
		SolutionGuid = {E67BCC19-8A2E-41B8-BDFA-86AF1AA03477}
	EndGlobalSection
EndGlobal
